// !$*UTF8*$!
{
	archiveVersion = 1;
	classes = {
	};
	objectVersion = 56;
	objects = {

/* Begin PBXBuildFile section */
		A732771F29955940005F3873 /* main.swift in Sources */ = {isa = PBXBuildFile; fileRef = A732771E29955940005F3873 /* main.swift */; };
		A732772429955B3C005F3873 /* UniformNumberGenerator.swift in Sources */ = {isa = PBXBuildFile; fileRef = A732772329955B3C005F3873 /* UniformNumberGenerator.swift */; };
		A732772629955B82005F3873 /* BinomialNumberGenerator.swift in Sources */ = {isa = PBXBuildFile; fileRef = A732772529955B82005F3873 /* BinomialNumberGenerator.swift */; };
		A732772829955BAB005F3873 /* GeometricNumberGenerator.swift in Sources */ = {isa = PBXBuildFile; fileRef = A732772729955BAB005F3873 /* GeometricNumberGenerator.swift */; };
		A732772A29955BB6005F3873 /* PoissonNumberGenerator.swift in Sources */ = {isa = PBXBuildFile; fileRef = A732772929955BB6005F3873 /* PoissonNumberGenerator.swift */; };
		A732772C29955FF3005F3873 /* Double+Maths.swift in Sources */ = {isa = PBXBuildFile; fileRef = A732772B29955FF3005F3873 /* Double+Maths.swift */; };
		A732772D29956105005F3873 /* Double+Maths.swift in Sources */ = {isa = PBXBuildFile; fileRef = A732772B29955FF3005F3873 /* Double+Maths.swift */; };
		A732772F29956194005F3873 /* Utils.swift in Sources */ = {isa = PBXBuildFile; fileRef = A732772E29956194005F3873 /* Utils.swift */; };
		A732773029956194005F3873 /* Utils.swift in Sources */ = {isa = PBXBuildFile; fileRef = A732772E29956194005F3873 /* Utils.swift */; };
		A763CCD929EAF64B004F5AEA /* main.swift in Sources */ = {isa = PBXBuildFile; fileRef = A763CCD829EAF64B004F5AEA /* main.swift */; };
		A763CCDE29EAF70C004F5AEA /* ContinuousDistributionNumberGenerator.swift in Sources */ = {isa = PBXBuildFile; fileRef = A763CCDD29EAF70C004F5AEA /* ContinuousDistributionNumberGenerator.swift */; };
		A763CCE129EAF791004F5AEA /* UniformNumberGenerator.swift in Sources */ = {isa = PBXBuildFile; fileRef = A763CCE029EAF791004F5AEA /* UniformNumberGenerator.swift */; };
		A763CCE229EAF7AD004F5AEA /* Double+Maths.swift in Sources */ = {isa = PBXBuildFile; fileRef = A732772B29955FF3005F3873 /* Double+Maths.swift */; };
		A763CCE329EAF7AD004F5AEA /* Utils.swift in Sources */ = {isa = PBXBuildFile; fileRef = A732772E29956194005F3873 /* Utils.swift */; };
		A763CCE529EAF8ED004F5AEA /* GaussianNumberGenerator.swift in Sources */ = {isa = PBXBuildFile; fileRef = A763CCE429EAF8ED004F5AEA /* GaussianNumberGenerator.swift */; };
		A763CCE729EAFBA6004F5AEA /* ExponentialNumberGenerator.swift in Sources */ = {isa = PBXBuildFile; fileRef = A763CCE629EAFBA6004F5AEA /* ExponentialNumberGenerator.swift */; };
		A763CCE929EAFC77004F5AEA /* ChiSquaredNumberGenerator.swift in Sources */ = {isa = PBXBuildFile; fileRef = A763CCE829EAFC77004F5AEA /* ChiSquaredNumberGenerator.swift */; };
		A763CCEB29EAFD28004F5AEA /* StudentNumberGenerator.swift in Sources */ = {isa = PBXBuildFile; fileRef = A763CCEA29EAFD28004F5AEA /* StudentNumberGenerator.swift */; };
		A763CCED29EB0122004F5AEA /* F+f.swift in Sources */ = {isa = PBXBuildFile; fileRef = A763CCEC29EB0122004F5AEA /* F+f.swift */; };
		A763CCEE29EB014E004F5AEA /* F+f.swift in Sources */ = {isa = PBXBuildFile; fileRef = A763CCEC29EB0122004F5AEA /* F+f.swift */; };
		A7BB7AC22993FA510030FF58 /* main.swift in Sources */ = {isa = PBXBuildFile; fileRef = A7BB7AC12993FA510030FF58 /* main.swift */; };
		A7E75A8E29C7A96D0094C609 /* DiscreteDistributionNumberGenerator.swift in Sources */ = {isa = PBXBuildFile; fileRef = A7E75A8D29C7A96D0094C609 /* DiscreteDistributionNumberGenerator.swift */; };
/* End PBXBuildFile section */

/* Begin PBXCopyFilesBuildPhase section */
		A732771A29955940005F3873 /* CopyFiles */ = {
			isa = PBXCopyFilesBuildPhase;
			buildActionMask = 2147483647;
			dstPath = /usr/share/man/man1/;
			dstSubfolderSpec = 0;
			files = (
			);
			runOnlyForDeploymentPostprocessing = 1;
		};
		A763CCD429EAF64B004F5AEA /* CopyFiles */ = {
			isa = PBXCopyFilesBuildPhase;
			buildActionMask = 2147483647;
			dstPath = /usr/share/man/man1/;
			dstSubfolderSpec = 0;
			files = (
			);
			runOnlyForDeploymentPostprocessing = 1;
		};
		A7BB7ABC2993FA510030FF58 /* CopyFiles */ = {
			isa = PBXCopyFilesBuildPhase;
			buildActionMask = 2147483647;
			dstPath = /usr/share/man/man1/;
			dstSubfolderSpec = 0;
			files = (
			);
			runOnlyForDeploymentPostprocessing = 1;
		};
/* End PBXCopyFilesBuildPhase section */

/* Begin PBXFileReference section */
		A732771C29955940005F3873 /* lab2 */ = {isa = PBXFileReference; explicitFileType = "compiled.mach-o.executable"; includeInIndex = 0; path = lab2; sourceTree = BUILT_PRODUCTS_DIR; };
		A732771E29955940005F3873 /* main.swift */ = {isa = PBXFileReference; lastKnownFileType = sourcecode.swift; path = main.swift; sourceTree = "<group>"; };
		A732772329955B3C005F3873 /* UniformNumberGenerator.swift */ = {isa = PBXFileReference; lastKnownFileType = sourcecode.swift; path = UniformNumberGenerator.swift; sourceTree = "<group>"; };
		A732772529955B82005F3873 /* BinomialNumberGenerator.swift */ = {isa = PBXFileReference; lastKnownFileType = sourcecode.swift; path = BinomialNumberGenerator.swift; sourceTree = "<group>"; };
		A732772729955BAB005F3873 /* GeometricNumberGenerator.swift */ = {isa = PBXFileReference; lastKnownFileType = sourcecode.swift; path = GeometricNumberGenerator.swift; sourceTree = "<group>"; };
		A732772929955BB6005F3873 /* PoissonNumberGenerator.swift */ = {isa = PBXFileReference; lastKnownFileType = sourcecode.swift; path = PoissonNumberGenerator.swift; sourceTree = "<group>"; };
		A732772B29955FF3005F3873 /* Double+Maths.swift */ = {isa = PBXFileReference; lastKnownFileType = sourcecode.swift; path = "Double+Maths.swift"; sourceTree = "<group>"; };
		A732772E29956194005F3873 /* Utils.swift */ = {isa = PBXFileReference; lastKnownFileType = sourcecode.swift; path = Utils.swift; sourceTree = "<group>"; };
		A763CCD629EAF64B004F5AEA /* lab3 */ = {isa = PBXFileReference; explicitFileType = "compiled.mach-o.executable"; includeInIndex = 0; path = lab3; sourceTree = BUILT_PRODUCTS_DIR; };
		A763CCD829EAF64B004F5AEA /* main.swift */ = {isa = PBXFileReference; lastKnownFileType = sourcecode.swift; path = main.swift; sourceTree = "<group>"; };
		A763CCDD29EAF70C004F5AEA /* ContinuousDistributionNumberGenerator.swift */ = {isa = PBXFileReference; lastKnownFileType = sourcecode.swift; path = ContinuousDistributionNumberGenerator.swift; sourceTree = "<group>"; };
		A763CCE029EAF791004F5AEA /* UniformNumberGenerator.swift */ = {isa = PBXFileReference; lastKnownFileType = sourcecode.swift; path = UniformNumberGenerator.swift; sourceTree = "<group>"; };
		A763CCE429EAF8ED004F5AEA /* GaussianNumberGenerator.swift */ = {isa = PBXFileReference; lastKnownFileType = sourcecode.swift; path = GaussianNumberGenerator.swift; sourceTree = "<group>"; };
		A763CCE629EAFBA6004F5AEA /* ExponentialNumberGenerator.swift */ = {isa = PBXFileReference; lastKnownFileType = sourcecode.swift; path = ExponentialNumberGenerator.swift; sourceTree = "<group>"; };
		A763CCE829EAFC77004F5AEA /* ChiSquaredNumberGenerator.swift */ = {isa = PBXFileReference; lastKnownFileType = sourcecode.swift; path = ChiSquaredNumberGenerator.swift; sourceTree = "<group>"; };
		A763CCEA29EAFD28004F5AEA /* StudentNumberGenerator.swift */ = {isa = PBXFileReference; lastKnownFileType = sourcecode.swift; path = StudentNumberGenerator.swift; sourceTree = "<group>"; };
		A763CCEC29EB0122004F5AEA /* F+f.swift */ = {isa = PBXFileReference; lastKnownFileType = sourcecode.swift; path = "F+f.swift"; sourceTree = "<group>"; };
		A7BB7ABE2993FA510030FF58 /* lab1 */ = {isa = PBXFileReference; explicitFileType = "compiled.mach-o.executable"; includeInIndex = 0; path = lab1; sourceTree = BUILT_PRODUCTS_DIR; };
		A7BB7AC12993FA510030FF58 /* main.swift */ = {isa = PBXFileReference; lastKnownFileType = sourcecode.swift; path = main.swift; sourceTree = "<group>"; };
		A7E75A8D29C7A96D0094C609 /* DiscreteDistributionNumberGenerator.swift */ = {isa = PBXFileReference; lastKnownFileType = sourcecode.swift; path = DiscreteDistributionNumberGenerator.swift; sourceTree = "<group>"; };
/* End PBXFileReference section */

/* Begin PBXFrameworksBuildPhase section */
		A732771929955940005F3873 /* Frameworks */ = {
			isa = PBXFrameworksBuildPhase;
			buildActionMask = 2147483647;
			files = (
			);
			runOnlyForDeploymentPostprocessing = 0;
		};
		A763CCD329EAF64B004F5AEA /* Frameworks */ = {
			isa = PBXFrameworksBuildPhase;
			buildActionMask = 2147483647;
			files = (
			);
			runOnlyForDeploymentPostprocessing = 0;
		};
		A7BB7ABB2993FA510030FF58 /* Frameworks */ = {
			isa = PBXFrameworksBuildPhase;
			buildActionMask = 2147483647;
			files = (
			);
			runOnlyForDeploymentPostprocessing = 0;
		};
/* End PBXFrameworksBuildPhase section */

/* Begin PBXGroup section */
		A732771D29955940005F3873 /* lab2 */ = {
			isa = PBXGroup;
			children = (
				A732771E29955940005F3873 /* main.swift */,
				A763CCD129EADEC4004F5AEA /* DiscreteDistributionsKit */,
			);
			path = lab2;
			sourceTree = "<group>";
		};
		A7327731299564A4005F3873 /* common */ = {
			isa = PBXGroup;
			children = (
				A732772B29955FF3005F3873 /* Double+Maths.swift */,
				A732772E29956194005F3873 /* Utils.swift */,
				A763CCEC29EB0122004F5AEA /* F+f.swift */,
			);
			path = common;
			sourceTree = "<group>";
		};
		A763CCD129EADEC4004F5AEA /* DiscreteDistributionsKit */ = {
			isa = PBXGroup;
			children = (
				A732772329955B3C005F3873 /* UniformNumberGenerator.swift */,
				A7E75A8D29C7A96D0094C609 /* DiscreteDistributionNumberGenerator.swift */,
				A732772529955B82005F3873 /* BinomialNumberGenerator.swift */,
				A732772729955BAB005F3873 /* GeometricNumberGenerator.swift */,
				A732772929955BB6005F3873 /* PoissonNumberGenerator.swift */,
			);
			path = DiscreteDistributionsKit;
			sourceTree = "<group>";
		};
		A763CCD729EAF64B004F5AEA /* lab3 */ = {
			isa = PBXGroup;
			children = (
				A763CCD829EAF64B004F5AEA /* main.swift */,
				A763CCDF29EAF72A004F5AEA /* ContinuousDistributionKit */,
			);
			path = lab3;
			sourceTree = "<group>";
		};
		A763CCDF29EAF72A004F5AEA /* ContinuousDistributionKit */ = {
			isa = PBXGroup;
			children = (
				A763CCDD29EAF70C004F5AEA /* ContinuousDistributionNumberGenerator.swift */,
				A763CCE029EAF791004F5AEA /* UniformNumberGenerator.swift */,
				A763CCE429EAF8ED004F5AEA /* GaussianNumberGenerator.swift */,
				A763CCE629EAFBA6004F5AEA /* ExponentialNumberGenerator.swift */,
				A763CCE829EAFC77004F5AEA /* ChiSquaredNumberGenerator.swift */,
				A763CCEA29EAFD28004F5AEA /* StudentNumberGenerator.swift */,
			);
			path = ContinuousDistributionKit;
			sourceTree = "<group>";
		};
		A7BB7AB52993FA510030FF58 = {
			isa = PBXGroup;
			children = (
				A7327731299564A4005F3873 /* common */,
				A7BB7AC02993FA510030FF58 /* lab1 */,
				A732771D29955940005F3873 /* lab2 */,
				A763CCD729EAF64B004F5AEA /* lab3 */,
				A7BB7ABF2993FA510030FF58 /* Products */,
			);
			sourceTree = "<group>";
		};
		A7BB7ABF2993FA510030FF58 /* Products */ = {
			isa = PBXGroup;
			children = (
				A7BB7ABE2993FA510030FF58 /* lab1 */,
				A732771C29955940005F3873 /* lab2 */,
				A763CCD629EAF64B004F5AEA /* lab3 */,
			);
			name = Products;
			sourceTree = "<group>";
		};
		A7BB7AC02993FA510030FF58 /* lab1 */ = {
			isa = PBXGroup;
			children = (
				A7BB7AC12993FA510030FF58 /* main.swift */,
			);
			path = lab1;
			sourceTree = "<group>";
		};
/* End PBXGroup section */

/* Begin PBXNativeTarget section */
		A732771B29955940005F3873 /* lab2 */ = {
			isa = PBXNativeTarget;
			buildConfigurationList = A732772029955940005F3873 /* Build configuration list for PBXNativeTarget "lab2" */;
			buildPhases = (
				A732771829955940005F3873 /* Sources */,
				A732771929955940005F3873 /* Frameworks */,
				A732771A29955940005F3873 /* CopyFiles */,
			);
			buildRules = (
			);
			dependencies = (
			);
			name = lab2;
			productName = smLab2;
			productReference = A732771C29955940005F3873 /* lab2 */;
			productType = "com.apple.product-type.tool";
		};
		A763CCD529EAF64B004F5AEA /* lab3 */ = {
			isa = PBXNativeTarget;
			buildConfigurationList = A763CCDA29EAF64B004F5AEA /* Build configuration list for PBXNativeTarget "lab3" */;
			buildPhases = (
				A763CCD229EAF64B004F5AEA /* Sources */,
				A763CCD329EAF64B004F5AEA /* Frameworks */,
				A763CCD429EAF64B004F5AEA /* CopyFiles */,
			);
			buildRules = (
			);
			dependencies = (
			);
			name = lab3;
			productName = lab3;
			productReference = A763CCD629EAF64B004F5AEA /* lab3 */;
			productType = "com.apple.product-type.tool";
		};
		A7BB7ABD2993FA510030FF58 /* lab1 */ = {
			isa = PBXNativeTarget;
			buildConfigurationList = A7BB7AC52993FA510030FF58 /* Build configuration list for PBXNativeTarget "lab1" */;
			buildPhases = (
				A7BB7ABA2993FA510030FF58 /* Sources */,
				A7BB7ABB2993FA510030FF58 /* Frameworks */,
				A7BB7ABC2993FA510030FF58 /* CopyFiles */,
			);
			buildRules = (
			);
			dependencies = (
			);
			name = lab1;
			productName = smLab1;
			productReference = A7BB7ABE2993FA510030FF58 /* lab1 */;
			productType = "com.apple.product-type.tool";
		};
/* End PBXNativeTarget section */

/* Begin PBXProject section */
		A7BB7AB62993FA510030FF58 /* Project object */ = {
			isa = PBXProject;
			attributes = {
				BuildIndependentTargetsInParallel = 1;
				LastSwiftUpdateCheck = 1420;
				LastUpgradeCheck = 1420;
				TargetAttributes = {
					A732771B29955940005F3873 = {
						CreatedOnToolsVersion = 14.2;
					};
					A763CCD529EAF64B004F5AEA = {
						CreatedOnToolsVersion = 14.2;
					};
					A7BB7ABD2993FA510030FF58 = {
						CreatedOnToolsVersion = 14.2;
					};
				};
			};
			buildConfigurationList = A7BB7AB92993FA510030FF58 /* Build configuration list for PBXProject "smLabs" */;
			compatibilityVersion = "Xcode 14.0";
			developmentRegion = en;
			hasScannedForEncodings = 0;
			knownRegions = (
				en,
				Base,
			);
			mainGroup = A7BB7AB52993FA510030FF58;
			productRefGroup = A7BB7ABF2993FA510030FF58 /* Products */;
			projectDirPath = "";
			projectRoot = "";
			targets = (
				A7BB7ABD2993FA510030FF58 /* lab1 */,
				A732771B29955940005F3873 /* lab2 */,
				A763CCD529EAF64B004F5AEA /* lab3 */,
			);
		};
/* End PBXProject section */

/* Begin PBXSourcesBuildPhase section */
		A732771829955940005F3873 /* Sources */ = {
			isa = PBXSourcesBuildPhase;
			buildActionMask = 2147483647;
			files = (
				A763CCEE29EB014E004F5AEA /* F+f.swift in Sources */,
				A732772829955BAB005F3873 /* GeometricNumberGenerator.swift in Sources */,
				A7E75A8E29C7A96D0094C609 /* DiscreteDistributionNumberGenerator.swift in Sources */,
				A732772A29955BB6005F3873 /* PoissonNumberGenerator.swift in Sources */,
				A732772629955B82005F3873 /* BinomialNumberGenerator.swift in Sources */,
				A732773029956194005F3873 /* Utils.swift in Sources */,
				A732771F29955940005F3873 /* main.swift in Sources */,
				A732772429955B3C005F3873 /* UniformNumberGenerator.swift in Sources */,
				A732772C29955FF3005F3873 /* Double+Maths.swift in Sources */,
			);
			runOnlyForDeploymentPostprocessing = 0;
		};
		A763CCD229EAF64B004F5AEA /* Sources */ = {
			isa = PBXSourcesBuildPhase;
			buildActionMask = 2147483647;
			files = (
				A763CCE229EAF7AD004F5AEA /* Double+Maths.swift in Sources */,
				A763CCE529EAF8ED004F5AEA /* GaussianNumberGenerator.swift in Sources */,
				A763CCE329EAF7AD004F5AEA /* Utils.swift in Sources */,
				A763CCE929EAFC77004F5AEA /* ChiSquaredNumberGenerator.swift in Sources */,
				A763CCD929EAF64B004F5AEA /* main.swift in Sources */,
				A763CCEB29EAFD28004F5AEA /* StudentNumberGenerator.swift in Sources */,
				A763CCDE29EAF70C004F5AEA /* ContinuousDistributionNumberGenerator.swift in Sources */,
				A763CCE729EAFBA6004F5AEA /* ExponentialNumberGenerator.swift in Sources */,
				A763CCE129EAF791004F5AEA /* UniformNumberGenerator.swift in Sources */,
				A763CCED29EB0122004F5AEA /* F+f.swift in Sources */,
			);
			runOnlyForDeploymentPostprocessing = 0;
		};
		A7BB7ABA2993FA510030FF58 /* Sources */ = {
			isa = PBXSourcesBuildPhase;
			buildActionMask = 2147483647;
			files = (
				A732772D29956105005F3873 /* Double+Maths.swift in Sources */,
				A7BB7AC22993FA510030FF58 /* main.swift in Sources */,
				A732772F29956194005F3873 /* Utils.swift in Sources */,
			);
			runOnlyForDeploymentPostprocessing = 0;
		};
/* End PBXSourcesBuildPhase section */

/* Begin XCBuildConfiguration section */
		A732772129955940005F3873 /* Debug */ = {
			isa = XCBuildConfiguration;
			buildSettings = {
				CODE_SIGN_STYLE = Automatic;
				DEVELOPMENT_TEAM = L3Y55SM2AA;
				ENABLE_HARDENED_RUNTIME = YES;
				PRODUCT_NAME = "$(TARGET_NAME)";
				SWIFT_VERSION = 5.0;
			};
			name = Debug;
		};
		A732772229955940005F3873 /* Release */ = {
			isa = XCBuildConfiguration;
			buildSettings = {
				CODE_SIGN_STYLE = Automatic;
				DEVELOPMENT_TEAM = L3Y55SM2AA;
				ENABLE_HARDENED_RUNTIME = YES;
				PRODUCT_NAME = "$(TARGET_NAME)";
				SWIFT_VERSION = 5.0;
			};
			name = Release;
		};
		A763CCDB29EAF64B004F5AEA /* Debug */ = {
			isa = XCBuildConfiguration;
			buildSettings = {
				CODE_SIGN_STYLE = Automatic;
				DEVELOPMENT_TEAM = L3Y55SM2AA;
				ENABLE_HARDENED_RUNTIME = YES;
				PRODUCT_NAME = "$(TARGET_NAME)";
				SWIFT_VERSION = 5.0;
			};
			name = Debug;
		};
		A763CCDC29EAF64B004F5AEA /* Release */ = {
			isa = XCBuildConfiguration;
			buildSettings = {
				CODE_SIGN_STYLE = Automatic;
				DEVELOPMENT_TEAM = L3Y55SM2AA;
				ENABLE_HARDENED_RUNTIME = YES;
				PRODUCT_NAME = "$(TARGET_NAME)";
				SWIFT_VERSION = 5.0;
			};
			name = Release;
		};
		A7BB7AC32993FA510030FF58 /* Debug */ = {
			isa = XCBuildConfiguration;
			buildSettings = {
				ALWAYS_SEARCH_USER_PATHS = NO;
				CLANG_ANALYZER_NONNULL = YES;
				CLANG_ANALYZER_NUMBER_OBJECT_CONVERSION = YES_AGGRESSIVE;
				CLANG_CXX_LANGUAGE_STANDARD = "gnu++20";
				CLANG_ENABLE_MODULES = YES;
				CLANG_ENABLE_OBJC_ARC = YES;
				CLANG_ENABLE_OBJC_WEAK = YES;
				CLANG_WARN_BLOCK_CAPTURE_AUTORELEASING = YES;
				CLANG_WARN_BOOL_CONVERSION = YES;
				CLANG_WARN_COMMA = YES;
				CLANG_WARN_CONSTANT_CONVERSION = YES;
				CLANG_WARN_DEPRECATED_OBJC_IMPLEMENTATIONS = YES;
				CLANG_WARN_DIRECT_OBJC_ISA_USAGE = YES_ERROR;
				CLANG_WARN_DOCUMENTATION_COMMENTS = YES;
				CLANG_WARN_EMPTY_BODY = YES;
				CLANG_WARN_ENUM_CONVERSION = YES;
				CLANG_WARN_INFINITE_RECURSION = YES;
				CLANG_WARN_INT_CONVERSION = YES;
				CLANG_WARN_NON_LITERAL_NULL_CONVERSION = YES;
				CLANG_WARN_OBJC_IMPLICIT_RETAIN_SELF = YES;
				CLANG_WARN_OBJC_LITERAL_CONVERSION = YES;
				CLANG_WARN_OBJC_ROOT_CLASS = YES_ERROR;
				CLANG_WARN_QUOTED_INCLUDE_IN_FRAMEWORK_HEADER = YES;
				CLANG_WARN_RANGE_LOOP_ANALYSIS = YES;
				CLANG_WARN_STRICT_PROTOTYPES = YES;
				CLANG_WARN_SUSPICIOUS_MOVE = YES;
				CLANG_WARN_UNGUARDED_AVAILABILITY = YES_AGGRESSIVE;
				CLANG_WARN_UNREACHABLE_CODE = YES;
				CLANG_WARN__DUPLICATE_METHOD_MATCH = YES;
				COPY_PHASE_STRIP = NO;
				DEBUG_INFORMATION_FORMAT = dwarf;
				ENABLE_STRICT_OBJC_MSGSEND = YES;
				ENABLE_TESTABILITY = YES;
				GCC_C_LANGUAGE_STANDARD = gnu11;
				GCC_DYNAMIC_NO_PIC = NO;
				GCC_NO_COMMON_BLOCKS = YES;
				GCC_OPTIMIZATION_LEVEL = 0;
				GCC_PREPROCESSOR_DEFINITIONS = (
					"DEBUG=1",
					"$(inherited)",
				);
				GCC_WARN_64_TO_32_BIT_CONVERSION = YES;
				GCC_WARN_ABOUT_RETURN_TYPE = YES_ERROR;
				GCC_WARN_UNDECLARED_SELECTOR = YES;
				GCC_WARN_UNINITIALIZED_AUTOS = YES_AGGRESSIVE;
				GCC_WARN_UNUSED_FUNCTION = YES;
				GCC_WARN_UNUSED_VARIABLE = YES;
				MACOSX_DEPLOYMENT_TARGET = 13.1;
				MTL_ENABLE_DEBUG_INFO = INCLUDE_SOURCE;
				MTL_FAST_MATH = YES;
				ONLY_ACTIVE_ARCH = YES;
				SDKROOT = macosx;
				SWIFT_ACTIVE_COMPILATION_CONDITIONS = DEBUG;
				SWIFT_OPTIMIZATION_LEVEL = "-Onone";
			};
			name = Debug;
		};
		A7BB7AC42993FA510030FF58 /* Release */ = {
			isa = XCBuildConfiguration;
			buildSettings = {
				ALWAYS_SEARCH_USER_PATHS = NO;
				CLANG_ANALYZER_NONNULL = YES;
				CLANG_ANALYZER_NUMBER_OBJECT_CONVERSION = YES_AGGRESSIVE;
				CLANG_CXX_LANGUAGE_STANDARD = "gnu++20";
				CLANG_ENABLE_MODULES = YES;
				CLANG_ENABLE_OBJC_ARC = YES;
				CLANG_ENABLE_OBJC_WEAK = YES;
				CLANG_WARN_BLOCK_CAPTURE_AUTORELEASING = YES;
				CLANG_WARN_BOOL_CONVERSION = YES;
				CLANG_WARN_COMMA = YES;
				CLANG_WARN_CONSTANT_CONVERSION = YES;
				CLANG_WARN_DEPRECATED_OBJC_IMPLEMENTATIONS = YES;
				CLANG_WARN_DIRECT_OBJC_ISA_USAGE = YES_ERROR;
				CLANG_WARN_DOCUMENTATION_COMMENTS = YES;
				CLANG_WARN_EMPTY_BODY = YES;
				CLANG_WARN_ENUM_CONVERSION = YES;
				CLANG_WARN_INFINITE_RECURSION = YES;
				CLANG_WARN_INT_CONVERSION = YES;
				CLANG_WARN_NON_LITERAL_NULL_CONVERSION = YES;
				CLANG_WARN_OBJC_IMPLICIT_RETAIN_SELF = YES;
				CLANG_WARN_OBJC_LITERAL_CONVERSION = YES;
				CLANG_WARN_OBJC_ROOT_CLASS = YES_ERROR;
				CLANG_WARN_QUOTED_INCLUDE_IN_FRAMEWORK_HEADER = YES;
				CLANG_WARN_RANGE_LOOP_ANALYSIS = YES;
				CLANG_WARN_STRICT_PROTOTYPES = YES;
				CLANG_WARN_SUSPICIOUS_MOVE = YES;
				CLANG_WARN_UNGUARDED_AVAILABILITY = YES_AGGRESSIVE;
				CLANG_WARN_UNREACHABLE_CODE = YES;
				CLANG_WARN__DUPLICATE_METHOD_MATCH = YES;
				COPY_PHASE_STRIP = NO;
				DEBUG_INFORMATION_FORMAT = "dwarf-with-dsym";
				ENABLE_NS_ASSERTIONS = NO;
				ENABLE_STRICT_OBJC_MSGSEND = YES;
				GCC_C_LANGUAGE_STANDARD = gnu11;
				GCC_NO_COMMON_BLOCKS = YES;
				GCC_WARN_64_TO_32_BIT_CONVERSION = YES;
				GCC_WARN_ABOUT_RETURN_TYPE = YES_ERROR;
				GCC_WARN_UNDECLARED_SELECTOR = YES;
				GCC_WARN_UNINITIALIZED_AUTOS = YES_AGGRESSIVE;
				GCC_WARN_UNUSED_FUNCTION = YES;
				GCC_WARN_UNUSED_VARIABLE = YES;
				MACOSX_DEPLOYMENT_TARGET = 13.1;
				MTL_ENABLE_DEBUG_INFO = NO;
				MTL_FAST_MATH = YES;
				SDKROOT = macosx;
				SWIFT_COMPILATION_MODE = wholemodule;
				SWIFT_OPTIMIZATION_LEVEL = "-O";
			};
			name = Release;
		};
		A7BB7AC62993FA510030FF58 /* Debug */ = {
			isa = XCBuildConfiguration;
			buildSettings = {
				CODE_SIGN_STYLE = Automatic;
				DEVELOPMENT_TEAM = L3Y55SM2AA;
				ENABLE_HARDENED_RUNTIME = YES;
				PRODUCT_NAME = "$(TARGET_NAME)";
				SWIFT_VERSION = 5.0;
			};
			name = Debug;
		};
		A7BB7AC72993FA510030FF58 /* Release */ = {
			isa = XCBuildConfiguration;
			buildSettings = {
				CODE_SIGN_STYLE = Automatic;
				DEVELOPMENT_TEAM = L3Y55SM2AA;
				ENABLE_HARDENED_RUNTIME = YES;
				PRODUCT_NAME = "$(TARGET_NAME)";
				SWIFT_VERSION = 5.0;
			};
			name = Release;
		};
/* End XCBuildConfiguration section */

/* Begin XCConfigurationList section */
		A732772029955940005F3873 /* Build configuration list for PBXNativeTarget "lab2" */ = {
			isa = XCConfigurationList;
			buildConfigurations = (
				A732772129955940005F3873 /* Debug */,
				A732772229955940005F3873 /* Release */,
			);
			defaultConfigurationIsVisible = 0;
			defaultConfigurationName = Release;
		};
		A763CCDA29EAF64B004F5AEA /* Build configuration list for PBXNativeTarget "lab3" */ = {
			isa = XCConfigurationList;
			buildConfigurations = (
				A763CCDB29EAF64B004F5AEA /* Debug */,
				A763CCDC29EAF64B004F5AEA /* Release */,
			);
			defaultConfigurationIsVisible = 0;
			defaultConfigurationName = Release;
		};
		A7BB7AB92993FA510030FF58 /* Build configuration list for PBXProject "smLabs" */ = {
			isa = XCConfigurationList;
			buildConfigurations = (
				A7BB7AC32993FA510030FF58 /* Debug */,
				A7BB7AC42993FA510030FF58 /* Release */,
			);
			defaultConfigurationIsVisible = 0;
			defaultConfigurationName = Release;
		};
		A7BB7AC52993FA510030FF58 /* Build configuration list for PBXNativeTarget "lab1" */ = {
			isa = XCConfigurationList;
			buildConfigurations = (
				A7BB7AC62993FA510030FF58 /* Debug */,
				A7BB7AC72993FA510030FF58 /* Release */,
			);
			defaultConfigurationIsVisible = 0;
			defaultConfigurationName = Release;
		};
/* End XCConfigurationList section */
	};
	rootObject = A7BB7AB62993FA510030FF58 /* Project object */;
}
